// !$*UTF8*$!
{
	archiveVersion = 1;
	classes = {
	};
	objectVersion = 48;
	objects = {

/* Begin PBXBuildFile section */
		556BA5A1FD4BF29D34FC4A63 /* Pods_UserLocation.framework in Frameworks */ = {isa = PBXBuildFile; fileRef = 038F2F9BB7EDD2F5FDD46663 /* Pods_UserLocation.framework */; };
		CF147FD820B7CFC2002F9E90 /* AppDelegate.swift in Sources */ = {isa = PBXBuildFile; fileRef = CF147FD720B7CFC2002F9E90 /* AppDelegate.swift */; };
		CF147FDA20B7CFC2002F9E90 /* ViewController.swift in Sources */ = {isa = PBXBuildFile; fileRef = CF147FD920B7CFC2002F9E90 /* ViewController.swift */; };
		CF147FDD20B7CFC2002F9E90 /* Main.storyboard in Resources */ = {isa = PBXBuildFile; fileRef = CF147FDB20B7CFC2002F9E90 /* Main.storyboard */; };
		CF147FDF20B7CFC2002F9E90 /* Assets.xcassets in Resources */ = {isa = PBXBuildFile; fileRef = CF147FDE20B7CFC2002F9E90 /* Assets.xcassets */; };
		CF147FE220B7CFC2002F9E90 /* LaunchScreen.storyboard in Resources */ = {isa = PBXBuildFile; fileRef = CF147FE020B7CFC2002F9E90 /* LaunchScreen.storyboard */; };
/* End PBXBuildFile section */

/* Begin PBXFileReference section */
		038F2F9BB7EDD2F5FDD46663 /* Pods_UserLocation.framework */ = {isa = PBXFileReference; explicitFileType = wrapper.framework; includeInIndex = 0; path = Pods_UserLocation.framework; sourceTree = BUILT_PRODUCTS_DIR; };
		1B28C526EE70440B8BCD741D /* Pods-UserLocation.debug.xcconfig */ = {isa = PBXFileReference; includeInIndex = 1; lastKnownFileType = text.xcconfig; name = "Pods-UserLocation.debug.xcconfig"; path = "Pods/Target Support Files/Pods-UserLocation/Pods-UserLocation.debug.xcconfig"; sourceTree = "<group>"; };
		97189917267AD3A332442468 /* Pods-UserLocation.release.xcconfig */ = {isa = PBXFileReference; includeInIndex = 1; lastKnownFileType = text.xcconfig; name = "Pods-UserLocation.release.xcconfig"; path = "Pods/Target Support Files/Pods-UserLocation/Pods-UserLocation.release.xcconfig"; sourceTree = "<group>"; };
		CF147FD420B7CFC2002F9E90 /* UserLocation.app */ = {isa = PBXFileReference; explicitFileType = wrapper.application; includeInIndex = 0; path = UserLocation.app; sourceTree = BUILT_PRODUCTS_DIR; };
		CF147FD720B7CFC2002F9E90 /* AppDelegate.swift */ = {isa = PBXFileReference; lastKnownFileType = sourcecode.swift; path = AppDelegate.swift; sourceTree = "<group>"; };
		CF147FD920B7CFC2002F9E90 /* ViewController.swift */ = {isa = PBXFileReference; lastKnownFileType = sourcecode.swift; path = ViewController.swift; sourceTree = "<group>"; };
		CF147FDC20B7CFC2002F9E90 /* Base */ = {isa = PBXFileReference; lastKnownFileType = file.storyboard; name = Base; path = Base.lproj/Main.storyboard; sourceTree = "<group>"; };
		CF147FDE20B7CFC2002F9E90 /* Assets.xcassets */ = {isa = PBXFileReference; lastKnownFileType = folder.assetcatalog; path = Assets.xcassets; sourceTree = "<group>"; };
		CF147FE120B7CFC2002F9E90 /* Base */ = {isa = PBXFileReference; lastKnownFileType = file.storyboard; name = Base; path = Base.lproj/LaunchScreen.storyboard; sourceTree = "<group>"; };
		CF147FE320B7CFC2002F9E90 /* Info.plist */ = {isa = PBXFileReference; lastKnownFileType = text.plist.xml; path = Info.plist; sourceTree = "<group>"; };
/* End PBXFileReference section */

/* Begin PBXFrameworksBuildPhase section */
		CF147FD120B7CFC2002F9E90 /* Frameworks */ = {
			isa = PBXFrameworksBuildPhase;
			buildActionMask = 2147483647;
			files = (
				556BA5A1FD4BF29D34FC4A63 /* Pods_UserLocation.framework in Frameworks */,
			);
			runOnlyForDeploymentPostprocessing = 0;
		};
/* End PBXFrameworksBuildPhase section */

/* Begin PBXGroup section */
		A975FC32A260C0E97499411D /* Pods */ = {
			isa = PBXGroup;
			children = (
				1B28C526EE70440B8BCD741D /* Pods-UserLocation.debug.xcconfig */,
				97189917267AD3A332442468 /* Pods-UserLocation.release.xcconfig */,
			);
			name = Pods;
			sourceTree = "<group>";
		};
		CF147FCB20B7CFC2002F9E90 = {
			isa = PBXGroup;
			children = (
				CF147FD620B7CFC2002F9E90 /* UserLocation */,
				CF147FD520B7CFC2002F9E90 /* Products */,
				A975FC32A260C0E97499411D /* Pods */,
				D0227E0815026FE27CAD0C7C /* Frameworks */,
			);
			sourceTree = "<group>";
		};
		CF147FD520B7CFC2002F9E90 /* Products */ = {
			isa = PBXGroup;
			children = (
				CF147FD420B7CFC2002F9E90 /* UserLocation.app */,
			);
			name = Products;
			sourceTree = "<group>";
		};
		CF147FD620B7CFC2002F9E90 /* UserLocation */ = {
			isa = PBXGroup;
			children = (
				CF147FD720B7CFC2002F9E90 /* AppDelegate.swift */,
				CF147FD920B7CFC2002F9E90 /* ViewController.swift */,
				CF147FDB20B7CFC2002F9E90 /* Main.storyboard */,
				CF147FDE20B7CFC2002F9E90 /* Assets.xcassets */,
				CF147FE020B7CFC2002F9E90 /* LaunchScreen.storyboard */,
				CF147FE320B7CFC2002F9E90 /* Info.plist */,
			);
			path = UserLocation;
			sourceTree = "<group>";
		};
		D0227E0815026FE27CAD0C7C /* Frameworks */ = {
			isa = PBXGroup;
			children = (
				038F2F9BB7EDD2F5FDD46663 /* Pods_UserLocation.framework */,
			);
			name = Frameworks;
			sourceTree = "<group>";
		};
/* End PBXGroup section */

/* Begin PBXNativeTarget section */
		CF147FD320B7CFC2002F9E90 /* UserLocation */ = {
			isa = PBXNativeTarget;
			buildConfigurationList = CF147FE620B7CFC2002F9E90 /* Build configuration list for PBXNativeTarget "UserLocation" */;
			buildPhases = (
				FEC28D15BF0FBCFE0F249529 /* [CP] Check Pods Manifest.lock */,
				CF147FD020B7CFC2002F9E90 /* Sources */,
				CF147FD120B7CFC2002F9E90 /* Frameworks */,
				CF147FD220B7CFC2002F9E90 /* Resources */,
				D1BDB896DC667B94226F950C /* [CP] Embed Pods Frameworks */,
				0E5B527B143C6B0622755C7E /* [CP] Copy Pods Resources */,
			);
			buildRules = (
			);
			dependencies = (
			);
			name = UserLocation;
			productName = UserLocation;
			productReference = CF147FD420B7CFC2002F9E90 /* UserLocation.app */;
			productType = "com.apple.product-type.application";
		};
/* End PBXNativeTarget section */

/* Begin PBXProject section */
		CF147FCC20B7CFC2002F9E90 /* Project object */ = {
			isa = PBXProject;
			attributes = {
				LastSwiftUpdateCheck = 0920;
				LastUpgradeCheck = 0920;
				ORGANIZATIONNAME = vaayooInc;
				TargetAttributes = {
					CF147FD320B7CFC2002F9E90 = {
						CreatedOnToolsVersion = 9.2;
						ProvisioningStyle = Automatic;
					};
				};
			};
			buildConfigurationList = CF147FCF20B7CFC2002F9E90 /* Build configuration list for PBXProject "UserLocation" */;
			compatibilityVersion = "Xcode 8.0";
			developmentRegion = en;
			hasScannedForEncodings = 0;
			knownRegions = (
				en,
				Base,
			);
			mainGroup = CF147FCB20B7CFC2002F9E90;
			productRefGroup = CF147FD520B7CFC2002F9E90 /* Products */;
			projectDirPath = "";
			projectRoot = "";
			targets = (
				CF147FD320B7CFC2002F9E90 /* UserLocation */,
			);
		};
/* End PBXProject section */

/* Begin PBXResourcesBuildPhase section */
		CF147FD220B7CFC2002F9E90 /* Resources */ = {
			isa = PBXResourcesBuildPhase;
			buildActionMask = 2147483647;
			files = (
				CF147FE220B7CFC2002F9E90 /* LaunchScreen.storyboard in Resources */,
				CF147FDF20B7CFC2002F9E90 /* Assets.xcassets in Resources */,
				CF147FDD20B7CFC2002F9E90 /* Main.storyboard in Resources */,
			);
			runOnlyForDeploymentPostprocessing = 0;
		};
/* End PBXResourcesBuildPhase section */

/* Begin PBXShellScriptBuildPhase section */
		0E5B527B143C6B0622755C7E /* [CP] Copy Pods Resources */ = {
			isa = PBXShellScriptBuildPhase;
			buildActionMask = 2147483647;
			files = (
			);
			inputPaths = (
				"${SRCROOT}/Pods/Target Support Files/Pods-UserLocation/Pods-UserLocation-resources.sh",
				"${PODS_ROOT}/GoogleMaps/Maps/Frameworks/GoogleMaps.framework/Resources/GoogleMaps.bundle",
				"${PODS_ROOT}/GooglePlaces/Frameworks/GooglePlaces.framework/Resources/GooglePlaces.bundle",
			);
			name = "[CP] Copy Pods Resources";
			outputPaths = (
				"${TARGET_BUILD_DIR}/${UNLOCALIZED_RESOURCES_FOLDER_PATH}/GoogleMaps.bundle",
				"${TARGET_BUILD_DIR}/${UNLOCALIZED_RESOURCES_FOLDER_PATH}/GooglePlaces.bundle",
			);
			runOnlyForDeploymentPostprocessing = 0;
			shellPath = /bin/sh;
			shellScript = "\"${SRCROOT}/Pods/Target Support Files/Pods-UserLocation/Pods-UserLocation-resources.sh\"\n";
			showEnvVarsInLog = 0;
		};
		D1BDB896DC667B94226F950C /* [CP] Embed Pods Frameworks */ = {
			isa = PBXShellScriptBuildPhase;
			buildActionMask = 2147483647;
			files = (
			);
			inputPaths = (
			);
			name = "[CP] Embed Pods Frameworks";
			outputPaths = (
			);
			runOnlyForDeploymentPostprocessing = 0;
			shellPath = /bin/sh;
			shellScript = "\"${SRCROOT}/Pods/Target Support Files/Pods-UserLocation/Pods-UserLocation-frameworks.sh\"\n";
			showEnvVarsInLog = 0;
		};
		FEC28D15BF0FBCFE0F249529 /* [CP] Check Pods Manifest.lock */ = {
			isa = PBXShellScriptBuildPhase;
			buildActionMask = 2147483647;
			files = (
			);
			inputPaths = (
				"${PODS_PODFILE_DIR_PATH}/Podfile.lock",
				"${PODS_ROOT}/Manifest.lock",
			);
			name = "[CP] Check Pods Manifest.lock";
			outputPaths = (
				"$(DERIVED_FILE_DIR)/Pods-UserLocation-checkManifestLockResult.txt",
			);
			runOnlyForDeploymentPostprocessing = 0;
			shellPath = /bin/sh;
			shellScript = "diff \"${PODS_PODFILE_DIR_PATH}/Podfile.lock\" \"${PODS_ROOT}/Manifest.lock\" > /dev/null\nif [ $? != 0 ] ; then\n    # print error to STDERR\n    echo \"error: The sandbox is not in sync with the Podfile.lock. Run 'pod install' or update your CocoaPods installation.\" >&2\n    exit 1\nfi\n# This output is used by Xcode 'outputs' to avoid re-running this script phase.\necho \"SUCCESS\" > \"${SCRIPT_OUTPUT_FILE_0}\"\n";
			showEnvVarsInLog = 0;
		};
/* End PBXShellScriptBuildPhase section */

/* Begin PBXSourcesBuildPhase section */
		CF147FD020B7CFC2002F9E90 /* Sources */ = {
			isa = PBXSourcesBuildPhase;
			buildActionMask = 2147483647;
			files = (
				CF147FDA20B7CFC2002F9E90 /* ViewController.swift in Sources */,
				CF147FD820B7CFC2002F9E90 /* AppDelegate.swift in Sources */,
			);
			runOnlyForDeploymentPostprocessing = 0;
		};
/* End PBXSourcesBuildPhase section */

/* Begin PBXVariantGroup section */
		CF147FDB20B7CFC2002F9E90 /* Main.storyboard */ = {
			isa = PBXVariantGroup;
			children = (
				CF147FDC20B7CFC2002F9E90 /* Base */,
			);
			name = Main.storyboard;
			sourceTree = "<group>";
		};
		CF147FE020B7CFC2002F9E90 /* LaunchScreen.storyboard */ = {
			isa = PBXVariantGroup;
			children = (
				CF147FE120B7CFC2002F9E90 /* Base */,
			);
			name = LaunchScreen.storyboard;
			sourceTree = "<group>";
		};
/* End PBXVariantGroup section */

/* Begin XCBuildConfiguration section */
		CF147FE420B7CFC2002F9E90 /* Debug */ = {
			isa = XCBuildConfiguration;
			buildSettings = {
				ALWAYS_SEARCH_USER_PATHS = NO;
				CLANG_ANALYZER_NONNULL = YES;
				CLANG_ANALYZER_NUMBER_OBJECT_CONVERSION = YES_AGGRESSIVE;
				CLANG_CXX_LANGUAGE_STANDARD = "gnu++14";
				CLANG_CXX_LIBRARY = "libc++";
				CLANG_ENABLE_MODULES = YES;
				CLANG_ENABLE_OBJC_ARC = YES;
				CLANG_WARN_BLOCK_CAPTURE_AUTORELEASING = YES;
				CLANG_WARN_BOOL_CONVERSION = YES;
				CLANG_WARN_COMMA = YES;
				CLANG_WARN_CONSTANT_CONVERSION = YES;
				CLANG_WARN_DIRECT_OBJC_ISA_USAGE = YES_ERROR;
				CLANG_WARN_DOCUMENTATION_COMMENTS = YES;
				CLANG_WARN_EMPTY_BODY = YES;
				CLANG_WARN_ENUM_CONVERSION = YES;
				CLANG_WARN_INFINITE_RECURSION = YES;
				CLANG_WARN_INT_CONVERSION = YES;
				CLANG_WARN_NON_LITERAL_NULL_CONVERSION = YES;
				CLANG_WARN_OBJC_LITERAL_CONVERSION = YES;
				CLANG_WARN_OBJC_ROOT_CLASS = YES_ERROR;
				CLANG_WARN_RANGE_LOOP_ANALYSIS = YES;
				CLANG_WARN_STRICT_PROTOTYPES = YES;
				CLANG_WARN_SUSPICIOUS_MOVE = YES;
				CLANG_WARN_UNGUARDED_AVAILABILITY = YES_AGGRESSIVE;
				CLANG_WARN_UNREACHABLE_CODE = YES;
				CLANG_WARN__DUPLICATE_METHOD_MATCH = YES;
				CODE_SIGN_IDENTITY = "iPhone Developer";
				COPY_PHASE_STRIP = NO;
				DEBUG_INFORMATION_FORMAT = dwarf;
				ENABLE_STRICT_OBJC_MSGSEND = YES;
				ENABLE_TESTABILITY = YES;
				GCC_C_LANGUAGE_STANDARD = gnu11;
				GCC_DYNAMIC_NO_PIC = NO;
				GCC_NO_COMMON_BLOCKS = YES;
				GCC_OPTIMIZATION_LEVEL = 0;
				GCC_PREPROCESSOR_DEFINITIONS = (
					"DEBUG=1",
					"$(inherited)",
				);
				GCC_WARN_64_TO_32_BIT_CONVERSION = YES;
				GCC_WARN_ABOUT_RETURN_TYPE = YES_ERROR;
				GCC_WARN_UNDECLARED_SELECTOR = YES;
				GCC_WARN_UNINITIALIZED_AUTOS = YES_AGGRESSIVE;
				GCC_WARN_UNUSED_FUNCTION = YES;
				GCC_WARN_UNUSED_VARIABLE = YES;
				IPHONEOS_DEPLOYMENT_TARGET = 11.2;
				MTL_ENABLE_DEBUG_INFO = YES;
				ONLY_ACTIVE_ARCH = YES;
				SDKROOT = iphoneos;
				SWIFT_ACTIVE_COMPILATION_CONDITIONS = DEBUG;
				SWIFT_OPTIMIZATION_LEVEL = "-Onone";
			};
			name = Debug;
		};
		CF147FE520B7CFC2002F9E90 /* Release */ = {
			isa = XCBuildConfiguration;
			buildSettings = {
				ALWAYS_SEARCH_USER_PATHS = NO;
				CLANG_ANALYZER_NONNULL = YES;
				CLANG_ANALYZER_NUMBER_OBJECT_CONVERSION = YES_AGGRESSIVE;
				CLANG_CXX_LANGUAGE_STANDARD = "gnu++14";
				CLANG_CXX_LIBRARY = "libc++";
				CLANG_ENABLE_MODULES = YES;
				CLANG_ENABLE_OBJC_ARC = YES;
				CLANG_WARN_BLOCK_CAPTURE_AUTORELEASING = YES;
				CLANG_WARN_BOOL_CONVERSION = YES;
				CLANG_WARN_COMMA = YES;
				CLANG_WARN_CONSTANT_CONVERSION = YES;
				CLANG_WARN_DIRECT_OBJC_ISA_USAGE = YES_ERROR;
				CLANG_WARN_DOCUMENTATION_COMMENTS = YES;
				CLANG_WARN_EMPTY_BODY = YES;
				CLANG_WARN_ENUM_CONVERSION = YES;
				CLANG_WARN_INFINITE_RECURSION = YES;
				CLANG_WARN_INT_CONVERSION = YES;
				CLANG_WARN_NON_LITERAL_NULL_CONVERSION = YES;
				CLANG_WARN_OBJC_LITERAL_CONVERSION = YES;
				CLANG_WARN_OBJC_ROOT_CLASS = YES_ERROR;
				CLANG_WARN_RANGE_LOOP_ANALYSIS = YES;
				CLANG_WARN_STRICT_PROTOTYPES = YES;
				CLANG_WARN_SUSPICIOUS_MOVE = YES;
				CLANG_WARN_UNGUARDED_AVAILABILITY = YES_AGGRESSIVE;
				CLANG_WARN_UNREACHABLE_CODE = YES;
				CLANG_WARN__DUPLICATE_METHOD_MATCH = YES;
				CODE_SIGN_IDENTITY = "iPhone Developer";
				COPY_PHASE_STRIP = NO;
				DEBUG_INFORMATION_FORMAT = "dwarf-with-dsym";
				ENABLE_NS_ASSERTIONS = NO;
				ENABLE_STRICT_OBJC_MSGSEND = YES;
				GCC_C_LANGUAGE_STANDARD = gnu11;
				GCC_NO_COMMON_BLOCKS = YES;
				GCC_WARN_64_TO_32_BIT_CONVERSION = YES;
				GCC_WARN_ABOUT_RETURN_TYPE = YES_ERROR;
				GCC_WARN_UNDECLARED_SELECTOR = YES;
				GCC_WARN_UNINITIALIZED_AUTOS = YES_AGGRESSIVE;
				GCC_WARN_UNUSED_FUNCTION = YES;
				GCC_WARN_UNUSED_VARIABLE = YES;
				IPHONEOS_DEPLOYMENT_TARGET = 11.2;
				MTL_ENABLE_DEBUG_INFO = NO;
				SDKROOT = iphoneos;
				SWIFT_OPTIMIZATION_LEVEL = "-Owholemodule";
				VALIDATE_PRODUCT = YES;
			};
			name = Release;
		};
		CF147FE720B7CFC2002F9E90 /* Debug */ = {
			isa = XCBuildConfiguration;
			baseConfigurationReference = 1B28C526EE70440B8BCD741D /* Pods-UserLocation.debug.xcconfig */;
			buildSettings = {
				ASSETCATALOG_COMPILER_APPICON_NAME = AppIcon;
				CODE_SIGN_STYLE = Automatic;
				DEVELOPMENT_TEAM = KE2998WD46;
				INFOPLIST_FILE = UserLocation/Info.plist;
				LD_RUNPATH_SEARCH_PATHS = "$(inherited) @executable_path/Frameworks";
				PRODUCT_BUNDLE_IDENTIFIER = com.vaayooInc.UserLocation;
				PRODUCT_NAME = "$(TARGET_NAME)";
				SWIFT_VERSION = 4.0;
				TARGETED_DEVICE_FAMILY = "1,2";
			};
			name = Debug;
		};
		CF147FE820B7CFC2002F9E90 /* Release */ = {
			isa = XCBuildConfiguration;
			baseConfigurationReference = 97189917267AD3A332442468 /* Pods-UserLocation.release.xcconfig */;
			buildSettings = {
				ASSETCATALOG_COMPILER_APPICON_NAME = AppIcon;
				CODE_SIGN_STYLE = Automatic;
				DEVELOPMENT_TEAM = KE2998WD46;
				INFOPLIST_FILE = UserLocation/Info.plist;
				LD_RUNPATH_SEARCH_PATHS = "$(inherited) @executable_path/Frameworks";
				PRODUCT_BUNDLE_IDENTIFIER = com.vaayooInc.UserLocation;
				PRODUCT_NAME = "$(TARGET_NAME)";
				SWIFT_VERSION = 4.0;
				TARGETED_DEVICE_FAMILY = "1,2";
			};
			name = Release;
		};
/* End XCBuildConfiguration section */

/* Begin XCConfigurationList section */
		CF147FCF20B7CFC2002F9E90 /* Build configuration list for PBXProject "UserLocation" */ = {
			isa = XCConfigurationList;
			buildConfigurations = (
				CF147FE420B7CFC2002F9E90 /* Debug */,
				CF147FE520B7CFC2002F9E90 /* Release */,
			);
			defaultConfigurationIsVisible = 0;
			defaultConfigurationName = Release;
		};
		CF147FE620B7CFC2002F9E90 /* Build configuration list for PBXNativeTarget "UserLocation" */ = {
			isa = XCConfigurationList;
			buildConfigurations = (
				CF147FE720B7CFC2002F9E90 /* Debug */,
				CF147FE820B7CFC2002F9E90 /* Release */,
			);
			defaultConfigurationIsVisible = 0;
			defaultConfigurationName = Release;
		};
/* End XCConfigurationList section */
	};
	rootObject = CF147FCC20B7CFC2002F9E90 /* Project object */;
}
